
Microsoft Visual Studio Solution File, Format Version 12.00
# Visual Studio Version 17
VisualStudioVersion = 17.4.33213.308
MinimumVisualStudioVersion = 10.0.40219.1
Project("{FAE04EC0-301F-11D3-BF4B-00C04F79EFBC}") = "APIDemo", "APIDemo\APIDemo.csproj", "{191E6CB4-8B4F-4C03-ADA6-890B421FA677}"
EndProject
Global
	GlobalSection(SolutionConfigurationPlatforms) = preSolution
		Debug|Any CPU = Debug|Any CPU
		Release|Any CPU = Release|Any CPU
	EndGlobalSection
	GlobalSection(ProjectConfigurationPlatforms) = postSolution
		{191E6CB4-8B4F-4C03-ADA6-890B421FA677}.Debug|Any CPU.ActiveCfg = Debug|Any CPU
		{191E6CB4-8B4F-4C03-ADA6-890B421FA677}.Debug|Any CPU.Build.0 = Debug|Any CPU
		{191E6CB4-8B4F-4C03-ADA6-890B421FA677}.Release|Any CPU.ActiveCfg = Release|Any CPU
		{191E6CB4-8B4F-4C03-ADA6-890B421FA677}.Release|Any CPU.Build.0 = Release|Any CPU
	EndGlobalSection
	GlobalSection(SolutionProperties) = preSolution
		HideSolutionNode = FALSE
	EndGlobalSection
	GlobalSection(ExtensibilityGlobals) = postSolution
		SolutionGuid = {3CF777B4-7ED7-4495-BE27-3B78707E5F69}
	EndGlobalSection
EndGlobal
