
Microsoft Visual Studio Solution File, Format Version 12.00
# Visual Studio Version 17
VisualStudioVersion = 17.7.34202.233
MinimumVisualStudioVersion = 10.0.40219.1
Project("{FAE04EC0-301F-11D3-BF4B-00C04F79EFBC}") = "OtpWebDemo", "OtpWebDemo\OtpWebDemo.csproj", "{7012F675-A26E-4F89-B88D-4FB9F328811B}"
EndProject
Global
	GlobalSection(SolutionConfigurationPlatforms) = preSolution
		Debug|Any CPU = Debug|Any CPU
		Release|Any CPU = Release|Any CPU
	EndGlobalSection
	GlobalSection(ProjectConfigurationPlatforms) = postSolution
		{7012F675-A26E-4F89-B88D-4FB9F328811B}.Debug|Any CPU.ActiveCfg = Debug|Any CPU
		{7012F675-A26E-4F89-B88D-4FB9F328811B}.Debug|Any CPU.Build.0 = Debug|Any CPU
		{7012F675-A26E-4F89-B88D-4FB9F328811B}.Release|Any CPU.ActiveCfg = Release|Any CPU
		{7012F675-A26E-4F89-B88D-4FB9F328811B}.Release|Any CPU.Build.0 = Release|Any CPU
	EndGlobalSection
	GlobalSection(SolutionProperties) = preSolution
		HideSolutionNode = FALSE
	EndGlobalSection
	GlobalSection(ExtensibilityGlobals) = postSolution
		SolutionGuid = {B95E0758-DC0B-4C41-BEDC-3275A4A9F96D}
	EndGlobalSection
EndGlobal
